
Microsoft Visual Studio Solution File, Format Version 12.00
# Visual Studio Version 17
VisualStudioVersion = 17.0.31903.59
MinimumVisualStudioVersion = 10.0.40219.1
Project("{2150E333-8FDC-42A3-9474-1A3956D46DE8}") = "src", "src", "{827E0CD3-B72D-47B6-A68D-7590B98EB39B}"
EndProject
Project("{FAE04EC0-301F-11D3-BF4B-00C04F79EFBC}") = "CcCalendar.Core", "src\CcCalendar.Core\CcCalendar.Core.csproj", "{46F9D062-55D9-446A-A5AA-5E54909CA6D9}"
EndProject
Project("{FAE04EC0-301F-11D3-BF4B-00C04F79EFBC}") = "CcCalendar.Infrastructure", "src\CcCalendar.Infrastructure\CcCalendar.Infrastructure.csproj", "{41645A7C-D6A8-4513-874F-EA4DA0C0B1D1}"
EndProject
Project("{FAE04EC0-301F-11D3-BF4B-00C04F79EFBC}") = "CcCalendar.Desktop", "src\CcCalendar.Desktop\CcCalendar.Desktop.csproj", "{ED22AAFA-014B-4C51-9AE2-183907C770D3}"
EndProject
Project("{2150E333-8FDC-42A3-9474-1A3956D46DE8}") = "tests", "tests", "{0AB3BF05-4346-4AA6-1389-037BE0695223}"
EndProject
Project("{FAE04EC0-301F-11D3-BF4B-00C04F79EFBC}") = "CcCalendar.Core.Tests", "tests\CcCalendar.Core.Tests\CcCalendar.Core.Tests.csproj", "{B6232EEE-0946-4299-8872-FF7934562ACF}"
EndProject
Project("{FAE04EC0-301F-11D3-BF4B-00C04F79EFBC}") = "CcCalendar.Infrastructure.Tests", "tests\CcCalendar.Infrastructure.Tests\CcCalendar.Infrastructure.Tests.csproj", "{D1E01725-74E1-4246-9C9C-0A6669351273}"
EndProject
Project("{FAE04EC0-301F-11D3-BF4B-00C04F79EFBC}") = "CcCalendar.Desktop.Tests", "tests\CcCalendar.Desktop.Tests\CcCalendar.Desktop.Tests.csproj", "{BEEEC2CE-6061-4629-A399-BDB284AD49E2}"
EndProject
Project("{FAE04EC0-301F-11D3-BF4B-00C04F79EFBC}") = "CcCalendar.Server", "src\CcCalendar.Server\CcCalendar.Server.csproj", "{8104A907-5D7F-4B65-908E-8446D4C686F4}"
EndProject
Project("{FAE04EC0-301F-11D3-BF4B-00C04F79EFBC}") = "CcCalendar.Server.Tests", "tests\CcCalendar.Server.Tests\CcCalendar.Server.Tests.csproj", "{191E4F89-729B-4F5E-B178-44A50A506D77}"
EndProject
Global
	GlobalSection(SolutionConfigurationPlatforms) = preSolution
		Debug|Any CPU = Debug|Any CPU
		Debug|x64 = Debug|x64
		Debug|x86 = Debug|x86
		Release|Any CPU = Release|Any CPU
		Release|x64 = Release|x64
		Release|x86 = Release|x86
	EndGlobalSection
	GlobalSection(ProjectConfigurationPlatforms) = postSolution
		{46F9D062-55D9-446A-A5AA-5E54909CA6D9}.Debug|Any CPU.ActiveCfg = Debug|Any CPU
		{46F9D062-55D9-446A-A5AA-5E54909CA6D9}.Debug|Any CPU.Build.0 = Debug|Any CPU
		{46F9D062-55D9-446A-A5AA-5E54909CA6D9}.Debug|x64.ActiveCfg = Debug|Any CPU
		{46F9D062-55D9-446A-A5AA-5E54909CA6D9}.Debug|x64.Build.0 = Debug|Any CPU
		{46F9D062-55D9-446A-A5AA-5E54909CA6D9}.Debug|x86.ActiveCfg = Debug|Any CPU
		{46F9D062-55D9-446A-A5AA-5E54909CA6D9}.Debug|x86.Build.0 = Debug|Any CPU
		{46F9D062-55D9-446A-A5AA-5E54909CA6D9}.Release|Any CPU.ActiveCfg = Release|Any CPU
		{46F9D062-55D9-446A-A5AA-5E54909CA6D9}.Release|Any CPU.Build.0 = Release|Any CPU
		{46F9D062-55D9-446A-A5AA-5E54909CA6D9}.Release|x64.ActiveCfg = Release|Any CPU
		{46F9D062-55D9-446A-A5AA-5E54909CA6D9}.Release|x64.Build.0 = Release|Any CPU
		{46F9D062-55D9-446A-A5AA-5E54909CA6D9}.Release|x86.ActiveCfg = Release|Any CPU
		{46F9D062-55D9-446A-A5AA-5E54909CA6D9}.Release|x86.Build.0 = Release|Any CPU
		{41645A7C-D6A8-4513-874F-EA4DA0C0B1D1}.Debug|Any CPU.ActiveCfg = Debug|Any CPU
		{41645A7C-D6A8-4513-874F-EA4DA0C0B1D1}.Debug|Any CPU.Build.0 = Debug|Any CPU
		{41645A7C-D6A8-4513-874F-EA4DA0C0B1D1}.Debug|x64.ActiveCfg = Debug|Any CPU
		{41645A7C-D6A8-4513-874F-EA4DA0C0B1D1}.Debug|x64.Build.0 = Debug|Any CPU
		{41645A7C-D6A8-4513-874F-EA4DA0C0B1D1}.Debug|x86.ActiveCfg = Debug|Any CPU
		{41645A7C-D6A8-4513-874F-EA4DA0C0B1D1}.Debug|x86.Build.0 = Debug|Any CPU
		{41645A7C-D6A8-4513-874F-EA4DA0C0B1D1}.Release|Any CPU.ActiveCfg = Release|Any CPU
		{41645A7C-D6A8-4513-874F-EA4DA0C0B1D1}.Release|Any CPU.Build.0 = Release|Any CPU
		{41645A7C-D6A8-4513-874F-EA4DA0C0B1D1}.Release|x64.ActiveCfg = Release|Any CPU
		{41645A7C-D6A8-4513-874F-EA4DA0C0B1D1}.Release|x64.Build.0 = Release|Any CPU
		{41645A7C-D6A8-4513-874F-EA4DA0C0B1D1}.Release|x86.ActiveCfg = Release|Any CPU
		{41645A7C-D6A8-4513-874F-EA4DA0C0B1D1}.Release|x86.Build.0 = Release|Any CPU
		{ED22AAFA-014B-4C51-9AE2-183907C770D3}.Debug|Any CPU.ActiveCfg = Debug|Any CPU
		{ED22AAFA-014B-4C51-9AE2-183907C770D3}.Debug|Any CPU.Build.0 = Debug|Any CPU
		{ED22AAFA-014B-4C51-9AE2-183907C770D3}.Debug|x64.ActiveCfg = Debug|Any CPU
		{ED22AAFA-014B-4C51-9AE2-183907C770D3}.Debug|x64.Build.0 = Debug|Any CPU
		{ED22AAFA-014B-4C51-9AE2-183907C770D3}.Debug|x86.ActiveCfg = Debug|Any CPU
		{ED22AAFA-014B-4C51-9AE2-183907C770D3}.Debug|x86.Build.0 = Debug|Any CPU
		{ED22AAFA-014B-4C51-9AE2-183907C770D3}.Release|Any CPU.ActiveCfg = Release|Any CPU
		{ED22AAFA-014B-4C51-9AE2-183907C770D3}.Release|Any CPU.Build.0 = Release|Any CPU
		{ED22AAFA-014B-4C51-9AE2-183907C770D3}.Release|x64.ActiveCfg = Release|Any CPU
		{ED22AAFA-014B-4C51-9AE2-183907C770D3}.Release|x64.Build.0 = Release|Any CPU
		{ED22AAFA-014B-4C51-9AE2-183907C770D3}.Release|x86.ActiveCfg = Release|Any CPU
		{ED22AAFA-014B-4C51-9AE2-183907C770D3}.Release|x86.Build.0 = Release|Any CPU
		{B6232EEE-0946-4299-8872-FF7934562ACF}.Debug|Any CPU.ActiveCfg = Debug|Any CPU
		{B6232EEE-0946-4299-8872-FF7934562ACF}.Debug|Any CPU.Build.0 = Debug|Any CPU
		{B6232EEE-0946-4299-8872-FF7934562ACF}.Debug|x64.ActiveCfg = Debug|Any CPU
		{B6232EEE-0946-4299-8872-FF7934562ACF}.Debug|x64.Build.0 = Debug|Any CPU
		{B6232EEE-0946-4299-8872-FF7934562ACF}.Debug|x86.ActiveCfg = Debug|Any CPU
		{B6232EEE-0946-4299-8872-FF7934562ACF}.Debug|x86.Build.0 = Debug|Any CPU
		{B6232EEE-0946-4299-8872-FF7934562ACF}.Release|Any CPU.ActiveCfg = Release|Any CPU
		{B6232EEE-0946-4299-8872-FF7934562ACF}.Release|Any CPU.Build.0 = Release|Any CPU
		{B6232EEE-0946-4299-8872-FF7934562ACF}.Release|x64.ActiveCfg = Release|Any CPU
		{B6232EEE-0946-4299-8872-FF7934562ACF}.Release|x64.Build.0 = Release|Any CPU
		{B6232EEE-0946-4299-8872-FF7934562ACF}.Release|x86.ActiveCfg = Release|Any CPU
		{B6232EEE-0946-4299-8872-FF7934562ACF}.Release|x86.Build.0 = Release|Any CPU
		{D1E01725-74E1-4246-9C9C-0A6669351273}.Debug|Any CPU.ActiveCfg = Debug|Any CPU
		{D1E01725-74E1-4246-9C9C-0A6669351273}.Debug|Any CPU.Build.0 = Debug|Any CPU
		{D1E01725-74E1-4246-9C9C-0A6669351273}.Debug|x64.ActiveCfg = Debug|Any CPU
		{D1E01725-74E1-4246-9C9C-0A6669351273}.Debug|x64.Build.0 = Debug|Any CPU
		{D1E01725-74E1-4246-9C9C-0A6669351273}.Debug|x86.ActiveCfg = Debug|Any CPU
		{D1E01725-74E1-4246-9C9C-0A6669351273}.Debug|x86.Build.0 = Debug|Any CPU
		{D1E01725-74E1-4246-9C9C-0A6669351273}.Release|Any CPU.ActiveCfg = Release|Any CPU
		{D1E01725-74E1-4246-9C9C-0A6669351273}.Release|Any CPU.Build.0 = Release|Any CPU
		{D1E01725-74E1-4246-9C9C-0A6669351273}.Release|x64.ActiveCfg = Release|Any CPU
		{D1E01725-74E1-4246-9C9C-0A6669351273}.Release|x64.Build.0 = Release|Any CPU
		{D1E01725-74E1-4246-9C9C-0A6669351273}.Release|x86.ActiveCfg = Release|Any CPU
		{D1E01725-74E1-4246-9C9C-0A6669351273}.Release|x86.Build.0 = Release|Any CPU
		{BEEEC2CE-6061-4629-A399-BDB284AD49E2}.Debug|Any CPU.ActiveCfg = Debug|Any CPU
		{BEEEC2CE-6061-4629-A399-BDB284AD49E2}.Debug|Any CPU.Build.0 = Debug|Any CPU
		{BEEEC2CE-6061-4629-A399-BDB284AD49E2}.Debug|x64.ActiveCfg = Debug|Any CPU
		{BEEEC2CE-6061-4629-A399-BDB284AD49E2}.Debug|x64.Build.0 = Debug|Any CPU
		{BEEEC2CE-6061-4629-A399-BDB284AD49E2}.Debug|x86.ActiveCfg = Debug|Any CPU
		{BEEEC2CE-6061-4629-A399-BDB284AD49E2}.Debug|x86.Build.0 = Debug|Any CPU
		{BEEEC2CE-6061-4629-A399-BDB284AD49E2}.Release|Any CPU.ActiveCfg = Release|Any CPU
		{BEEEC2CE-6061-4629-A399-BDB284AD49E2}.Release|Any CPU.Build.0 = Release|Any CPU
		{BEEEC2CE-6061-4629-A399-BDB284AD49E2}.Release|x64.ActiveCfg = Release|Any CPU
		{BEEEC2CE-6061-4629-A399-BDB284AD49E2}.Release|x64.Build.0 = Release|Any CPU
		{BEEEC2CE-6061-4629-A399-BDB284AD49E2}.Release|x86.ActiveCfg = Release|Any CPU
		{BEEEC2CE-6061-4629-A399-BDB284AD49E2}.Release|x86.Build.0 = Release|Any CPU
		{8104A907-5D7F-4B65-908E-8446D4C686F4}.Debug|Any CPU.ActiveCfg = Debug|Any CPU
		{8104A907-5D7F-4B65-908E-8446D4C686F4}.Debug|Any CPU.Build.0 = Debug|Any CPU
		{8104A907-5D7F-4B65-908E-8446D4C686F4}.Debug|x64.ActiveCfg = Debug|Any CPU
		{8104A907-5D7F-4B65-908E-8446D4C686F4}.Debug|x64.Build.0 = Debug|Any CPU
		{8104A907-5D7F-4B65-908E-8446D4C686F4}.Debug|x86.ActiveCfg = Debug|Any CPU
		{8104A907-5D7F-4B65-908E-8446D4C686F4}.Debug|x86.Build.0 = Debug|Any CPU
		{8104A907-5D7F-4B65-908E-8446D4C686F4}.Release|Any CPU.ActiveCfg = Release|Any CPU
		{8104A907-5D7F-4B65-908E-8446D4C686F4}.Release|Any CPU.Build.0 = Release|Any CPU
		{8104A907-5D7F-4B65-908E-8446D4C686F4}.Release|x64.ActiveCfg = Release|Any CPU
		{8104A907-5D7F-4B65-908E-8446D4C686F4}.Release|x64.Build.0 = Release|Any CPU
		{8104A907-5D7F-4B65-908E-8446D4C686F4}.Release|x86.ActiveCfg = Release|Any CPU
		{8104A907-5D7F-4B65-908E-8446D4C686F4}.Release|x86.Build.0 = Release|Any CPU
		{191E4F89-729B-4F5E-B178-44A50A506D77}.Debug|Any CPU.ActiveCfg = Debug|Any CPU
		{191E4F89-729B-4F5E-B178-44A50A506D77}.Debug|Any CPU.Build.0 = Debug|Any CPU
		{191E4F89-729B-4F5E-B178-44A50A506D77}.Debug|x64.ActiveCfg = Debug|Any CPU
		{191E4F89-729B-4F5E-B178-44A50A506D77}.Debug|x64.Build.0 = Debug|Any CPU
		{191E4F89-729B-4F5E-B178-44A50A506D77}.Debug|x86.ActiveCfg = Debug|Any CPU
		{191E4F89-729B-4F5E-B178-44A50A506D77}.Debug|x86.Build.0 = Debug|Any CPU
		{191E4F89-729B-4F5E-B178-44A50A506D77}.Release|Any CPU.ActiveCfg = Release|Any CPU
		{191E4F89-729B-4F5E-B178-44A50A506D77}.Release|Any CPU.Build.0 = Release|Any CPU
		{191E4F89-729B-4F5E-B178-44A50A506D77}.Release|x64.ActiveCfg = Release|Any CPU
		{191E4F89-729B-4F5E-B178-44A50A506D77}.Release|x64.Build.0 = Release|Any CPU
		{191E4F89-729B-4F5E-B178-44A50A506D77}.Release|x86.ActiveCfg = Release|Any CPU
		{191E4F89-729B-4F5E-B178-44A50A506D77}.Release|x86.Build.0 = Release|Any CPU
	EndGlobalSection
	GlobalSection(SolutionProperties) = preSolution
		HideSolutionNode = FALSE
	EndGlobalSection
	GlobalSection(NestedProjects) = preSolution
		{46F9D062-55D9-446A-A5AA-5E54909CA6D9} = {827E0CD3-B72D-47B6-A68D-7590B98EB39B}
		{41645A7C-D6A8-4513-874F-EA4DA0C0B1D1} = {827E0CD3-B72D-47B6-A68D-7590B98EB39B}
		{ED22AAFA-014B-4C51-9AE2-183907C770D3} = {827E0CD3-B72D-47B6-A68D-7590B98EB39B}
		{B6232EEE-0946-4299-8872-FF7934562ACF} = {0AB3BF05-4346-4AA6-1389-037BE0695223}
		{D1E01725-74E1-4246-9C9C-0A6669351273} = {0AB3BF05-4346-4AA6-1389-037BE0695223}
		{BEEEC2CE-6061-4629-A399-BDB284AD49E2} = {0AB3BF05-4346-4AA6-1389-037BE0695223}
		{8104A907-5D7F-4B65-908E-8446D4C686F4} = {827E0CD3-B72D-47B6-A68D-7590B98EB39B}
		{191E4F89-729B-4F5E-B178-44A50A506D77} = {0AB3BF05-4346-4AA6-1389-037BE0695223}
	EndGlobalSection
EndGlobal
